
Microsoft Visual Studio Solution File, Format Version 12.00
# Visual Studio Version 16
VisualStudioVersion = 16.0.29806.167
MinimumVisualStudioVersion = 10.0.40219.1
Project("{FAE04EC0-301F-11D3-BF4B-00C04F79EFBC}") = "Interestcalcualtor01", "Interestcalcualtor01.csproj", "{24E558B9-72B9-485D-B7B5-47B07BBA3850}"
EndProject
Project("{FAE04EC0-301F-11D3-BF4B-00C04F79EFBC}") = "WpfApp1", "..\WpfApp1\WpfApp1.csproj", "{65859953-CCA2-43BD-9A91-17CD01C5B653}"
EndProject
Global
	GlobalSection(SolutionConfigurationPlatforms) = preSolution
		Debug|Any CPU = Debug|Any CPU
		Release|Any CPU = Release|Any CPU
	EndGlobalSection
	GlobalSection(ProjectConfigurationPlatforms) = postSolution
		{24E558B9-72B9-485D-B7B5-47B07BBA3850}.Debug|Any CPU.ActiveCfg = Debug|Any CPU
		{24E558B9-72B9-485D-B7B5-47B07BBA3850}.Debug|Any CPU.Build.0 = Debug|Any CPU
		{24E558B9-72B9-485D-B7B5-47B07BBA3850}.Release|Any CPU.ActiveCfg = Release|Any CPU
		{24E558B9-72B9-485D-B7B5-47B07BBA3850}.Release|Any CPU.Build.0 = Release|Any CPU
		{65859953-CCA2-43BD-9A91-17CD01C5B653}.Debug|Any CPU.ActiveCfg = Debug|Any CPU
		{65859953-CCA2-43BD-9A91-17CD01C5B653}.Debug|Any CPU.Build.0 = Debug|Any CPU
		{65859953-CCA2-43BD-9A91-17CD01C5B653}.Release|Any CPU.ActiveCfg = Release|Any CPU
		{65859953-CCA2-43BD-9A91-17CD01C5B653}.Release|Any CPU.Build.0 = Release|Any CPU
	EndGlobalSection
	GlobalSection(SolutionProperties) = preSolution
		HideSolutionNode = FALSE
	EndGlobalSection
	GlobalSection(ExtensibilityGlobals) = postSolution
		SolutionGuid = {D7311E6E-8B6E-4D5F-BD7C-B29271A527BD}
	EndGlobalSection
EndGlobal
